
Microsoft Visual Studio Solution File, Format Version 12.00
# Visual Studio Version 16
VisualStudioVersion = 16.0.29806.167
MinimumVisualStudioVersion = 10.0.40219.1
Project("{2150E333-8FDC-42A3-9474-1A3956D46DE8}") = "ConsoleApp", "ConsoleApp", "{64B944D2-C575-4A3B-A65F-24067D09466B}"
EndProject
Project("{2150E333-8FDC-42A3-9474-1A3956D46DE8}") = "WebApi", "WebApi", "{A6E51C3B-D9BD-40E6-8BF6-7D3FCC764B27}"
EndProject
Project("{2150E333-8FDC-42A3-9474-1A3956D46DE8}") = "Commons", "Commons", "{E2A03234-ABC5-4BC8-9966-05B68BD668D4}"
EndProject
Project("{FAE04EC0-301F-11D3-BF4B-00C04F79EFBC}") = "CovidDataDownload", "CovidDataDownload\CovidDataDownload.csproj", "{67BDACEE-22D9-48D5-8C29-933F81EF8BEA}"
EndProject
Project("{FAE04EC0-301F-11D3-BF4B-00C04F79EFBC}") = "Persistence", "Persistence\Persistence.csproj", "{8CF85736-C5AD-4A8B-8C1A-A76135D91853}"
EndProject
Project("{FAE04EC0-301F-11D3-BF4B-00C04F79EFBC}") = "AppConstants", "AppConstants\AppConstants.csproj", "{705DE939-854B-4C23-945B-8E6093B10C68}"
EndProject
Project("{FAE04EC0-301F-11D3-BF4B-00C04F79EFBC}") = "Parsers", "Parsers\Parsers.csproj", "{2CD79489-A889-41B3-A813-7DED8813F2AE}"
EndProject
Project("{FAE04EC0-301F-11D3-BF4B-00C04F79EFBC}") = "Services", "Services\Services.csproj", "{D6F5BF05-52A1-4DD0-9E08-7BD3C1B62DF6}"
EndProject
Project("{FAE04EC0-301F-11D3-BF4B-00C04F79EFBC}") = "AppLogs", "AppLogs\AppLogs.csproj", "{71890B1A-E734-49BE-9850-8E2084674B55}"
EndProject
Project("{FAE04EC0-301F-11D3-BF4B-00C04F79EFBC}") = "Structures", "Structures\Structures.csproj", "{6837C3D8-380B-4900-BA43-26B27378195F}"
EndProject
Project("{FAE04EC0-301F-11D3-BF4B-00C04F79EFBC}") = "Extensions", "Extensions\Extensions.csproj", "{3B6D5AA7-1335-4907-A581-D52A95EB15D3}"
EndProject
Project("{FAE04EC0-301F-11D3-BF4B-00C04F79EFBC}") = "CovidDataWebApi", "CovidDataWebApi\CovidDataWebApi.csproj", "{013292F3-6405-4177-860E-6075C8CC48C8}"
EndProject
Global
	GlobalSection(SolutionConfigurationPlatforms) = preSolution
		Debug|Any CPU = Debug|Any CPU
		Release|Any CPU = Release|Any CPU
	EndGlobalSection
	GlobalSection(ProjectConfigurationPlatforms) = postSolution
		{67BDACEE-22D9-48D5-8C29-933F81EF8BEA}.Debug|Any CPU.ActiveCfg = Debug|Any CPU
		{67BDACEE-22D9-48D5-8C29-933F81EF8BEA}.Debug|Any CPU.Build.0 = Debug|Any CPU
		{67BDACEE-22D9-48D5-8C29-933F81EF8BEA}.Release|Any CPU.ActiveCfg = Release|Any CPU
		{67BDACEE-22D9-48D5-8C29-933F81EF8BEA}.Release|Any CPU.Build.0 = Release|Any CPU
		{8CF85736-C5AD-4A8B-8C1A-A76135D91853}.Debug|Any CPU.ActiveCfg = Debug|Any CPU
		{8CF85736-C5AD-4A8B-8C1A-A76135D91853}.Debug|Any CPU.Build.0 = Debug|Any CPU
		{8CF85736-C5AD-4A8B-8C1A-A76135D91853}.Release|Any CPU.ActiveCfg = Release|Any CPU
		{8CF85736-C5AD-4A8B-8C1A-A76135D91853}.Release|Any CPU.Build.0 = Release|Any CPU
		{705DE939-854B-4C23-945B-8E6093B10C68}.Debug|Any CPU.ActiveCfg = Debug|Any CPU
		{705DE939-854B-4C23-945B-8E6093B10C68}.Debug|Any CPU.Build.0 = Debug|Any CPU
		{705DE939-854B-4C23-945B-8E6093B10C68}.Release|Any CPU.ActiveCfg = Release|Any CPU
		{705DE939-854B-4C23-945B-8E6093B10C68}.Release|Any CPU.Build.0 = Release|Any CPU
		{2CD79489-A889-41B3-A813-7DED8813F2AE}.Debug|Any CPU.ActiveCfg = Debug|Any CPU
		{2CD79489-A889-41B3-A813-7DED8813F2AE}.Debug|Any CPU.Build.0 = Debug|Any CPU
		{2CD79489-A889-41B3-A813-7DED8813F2AE}.Release|Any CPU.ActiveCfg = Release|Any CPU
		{2CD79489-A889-41B3-A813-7DED8813F2AE}.Release|Any CPU.Build.0 = Release|Any CPU
		{D6F5BF05-52A1-4DD0-9E08-7BD3C1B62DF6}.Debug|Any CPU.ActiveCfg = Debug|Any CPU
		{D6F5BF05-52A1-4DD0-9E08-7BD3C1B62DF6}.Debug|Any CPU.Build.0 = Debug|Any CPU
		{D6F5BF05-52A1-4DD0-9E08-7BD3C1B62DF6}.Release|Any CPU.ActiveCfg = Release|Any CPU
		{D6F5BF05-52A1-4DD0-9E08-7BD3C1B62DF6}.Release|Any CPU.Build.0 = Release|Any CPU
		{71890B1A-E734-49BE-9850-8E2084674B55}.Debug|Any CPU.ActiveCfg = Debug|Any CPU
		{71890B1A-E734-49BE-9850-8E2084674B55}.Debug|Any CPU.Build.0 = Debug|Any CPU
		{71890B1A-E734-49BE-9850-8E2084674B55}.Release|Any CPU.ActiveCfg = Release|Any CPU
		{71890B1A-E734-49BE-9850-8E2084674B55}.Release|Any CPU.Build.0 = Release|Any CPU
		{6837C3D8-380B-4900-BA43-26B27378195F}.Debug|Any CPU.ActiveCfg = Debug|Any CPU
		{6837C3D8-380B-4900-BA43-26B27378195F}.Debug|Any CPU.Build.0 = Debug|Any CPU
		{6837C3D8-380B-4900-BA43-26B27378195F}.Release|Any CPU.ActiveCfg = Release|Any CPU
		{6837C3D8-380B-4900-BA43-26B27378195F}.Release|Any CPU.Build.0 = Release|Any CPU
		{3B6D5AA7-1335-4907-A581-D52A95EB15D3}.Debug|Any CPU.ActiveCfg = Debug|Any CPU
		{3B6D5AA7-1335-4907-A581-D52A95EB15D3}.Debug|Any CPU.Build.0 = Debug|Any CPU
		{3B6D5AA7-1335-4907-A581-D52A95EB15D3}.Release|Any CPU.ActiveCfg = Release|Any CPU
		{3B6D5AA7-1335-4907-A581-D52A95EB15D3}.Release|Any CPU.Build.0 = Release|Any CPU
		{013292F3-6405-4177-860E-6075C8CC48C8}.Debug|Any CPU.ActiveCfg = Debug|Any CPU
		{013292F3-6405-4177-860E-6075C8CC48C8}.Debug|Any CPU.Build.0 = Debug|Any CPU
		{013292F3-6405-4177-860E-6075C8CC48C8}.Release|Any CPU.ActiveCfg = Release|Any CPU
		{013292F3-6405-4177-860E-6075C8CC48C8}.Release|Any CPU.Build.0 = Release|Any CPU
	EndGlobalSection
	GlobalSection(SolutionProperties) = preSolution
		HideSolutionNode = FALSE
	EndGlobalSection
	GlobalSection(NestedProjects) = preSolution
		{67BDACEE-22D9-48D5-8C29-933F81EF8BEA} = {64B944D2-C575-4A3B-A65F-24067D09466B}
		{8CF85736-C5AD-4A8B-8C1A-A76135D91853} = {E2A03234-ABC5-4BC8-9966-05B68BD668D4}
		{705DE939-854B-4C23-945B-8E6093B10C68} = {E2A03234-ABC5-4BC8-9966-05B68BD668D4}
		{2CD79489-A889-41B3-A813-7DED8813F2AE} = {E2A03234-ABC5-4BC8-9966-05B68BD668D4}
		{D6F5BF05-52A1-4DD0-9E08-7BD3C1B62DF6} = {E2A03234-ABC5-4BC8-9966-05B68BD668D4}
		{71890B1A-E734-49BE-9850-8E2084674B55} = {E2A03234-ABC5-4BC8-9966-05B68BD668D4}
		{6837C3D8-380B-4900-BA43-26B27378195F} = {E2A03234-ABC5-4BC8-9966-05B68BD668D4}
		{3B6D5AA7-1335-4907-A581-D52A95EB15D3} = {E2A03234-ABC5-4BC8-9966-05B68BD668D4}
		{013292F3-6405-4177-860E-6075C8CC48C8} = {A6E51C3B-D9BD-40E6-8BF6-7D3FCC764B27}
	EndGlobalSection
	GlobalSection(ExtensibilityGlobals) = postSolution
		SolutionGuid = {E756E922-29EF-44A5-9B1A-77DA6953F5DE}
	EndGlobalSection
EndGlobal
